// !$*UTF8*$!
{
	archiveVersion = 1;
	classes = {
	};
	objectVersion = 50;
	objects = {

/* Begin PBXBuildFile section */
		8AE8B39823FB2F8E004215BA /* AppDelegate.swift in Sources */ = {isa = PBXBuildFile; fileRef = 8AE8B39723FB2F8E004215BA /* AppDelegate.swift */; };
		8AE8B39A23FB2F8E004215BA /* SceneDelegate.swift in Sources */ = {isa = PBXBuildFile; fileRef = 8AE8B39923FB2F8E004215BA /* SceneDelegate.swift */; };
		8AE8B39C23FB2F8E004215BA /* ViewController.swift in Sources */ = {isa = PBXBuildFile; fileRef = 8AE8B39B23FB2F8E004215BA /* ViewController.swift */; };
		8AE8B39F23FB2F8E004215BA /* Main.storyboard in Resources */ = {isa = PBXBuildFile; fileRef = 8AE8B39D23FB2F8E004215BA /* Main.storyboard */; };
		8AE8B3A123FB2F91004215BA /* Assets.xcassets in Resources */ = {isa = PBXBuildFile; fileRef = 8AE8B3A023FB2F91004215BA /* Assets.xcassets */; };
		8AE8B3A423FB2F91004215BA /* LaunchScreen.storyboard in Resources */ = {isa = PBXBuildFile; fileRef = 8AE8B3A223FB2F91004215BA /* LaunchScreen.storyboard */; };
		8AE8B3AD23FB36B7004215BA /* MapKit.framework in Frameworks */ = {isa = PBXBuildFile; fileRef = 8AE8B3AC23FB36B7004215BA /* MapKit.framework */; };
/* End PBXBuildFile section */

/* Begin PBXFileReference section */
		8AE8B39423FB2F8E004215BA /* Expanded Location App.app */ = {isa = PBXFileReference; explicitFileType = wrapper.application; includeInIndex = 0; path = "Expanded Location App.app"; sourceTree = BUILT_PRODUCTS_DIR; };
		8AE8B39723FB2F8E004215BA /* AppDelegate.swift */ = {isa = PBXFileReference; lastKnownFileType = sourcecode.swift; path = AppDelegate.swift; sourceTree = "<group>"; };
		8AE8B39923FB2F8E004215BA /* SceneDelegate.swift */ = {isa = PBXFileReference; lastKnownFileType = sourcecode.swift; path = SceneDelegate.swift; sourceTree = "<group>"; };
		8AE8B39B23FB2F8E004215BA /* ViewController.swift */ = {isa = PBXFileReference; lastKnownFileType = sourcecode.swift; path = ViewController.swift; sourceTree = "<group>"; };
		8AE8B39E23FB2F8E004215BA /* Base */ = {isa = PBXFileReference; lastKnownFileType = file.storyboard; name = Base; path = Base.lproj/Main.storyboard; sourceTree = "<group>"; };
		8AE8B3A023FB2F91004215BA /* Assets.xcassets */ = {isa = PBXFileReference; lastKnownFileType = folder.assetcatalog; path = Assets.xcassets; sourceTree = "<group>"; };
		8AE8B3A323FB2F91004215BA /* Base */ = {isa = PBXFileReference; lastKnownFileType = file.storyboard; name = Base; path = Base.lproj/LaunchScreen.storyboard; sourceTree = "<group>"; };
		8AE8B3A523FB2F91004215BA /* Info.plist */ = {isa = PBXFileReference; lastKnownFileType = text.plist.xml; path = Info.plist; sourceTree = "<group>"; };
		8AE8B3AC23FB36B7004215BA /* MapKit.framework */ = {isa = PBXFileReference; lastKnownFileType = wrapper.framework; name = MapKit.framework; path = System/Library/Frameworks/MapKit.framework; sourceTree = SDKROOT; };
/* End PBXFileReference section */

/* Begin PBXFrameworksBuildPhase section */
		8AE8B39123FB2F8E004215BA /* Frameworks */ = {
			isa = PBXFrameworksBuildPhase;
			buildActionMask = 2147483647;
			files = (
				8AE8B3AD23FB36B7004215BA /* MapKit.framework in Frameworks */,
			);
			runOnlyForDeploymentPostprocessing = 0;
		};
/* End PBXFrameworksBuildPhase section */

/* Begin PBXGroup section */
		8AE8B38B23FB2F8E004215BA = {
			isa = PBXGroup;
			children = (
				8AE8B39623FB2F8E004215BA /* Expanded Location App */,
				8AE8B39523FB2F8E004215BA /* Products */,
				8AE8B3AB23FB36B7004215BA /* Frameworks */,
			);
			sourceTree = "<group>";
		};
		8AE8B39523FB2F8E004215BA /* Products */ = {
			isa = PBXGroup;
			children = (
				8AE8B39423FB2F8E004215BA /* Expanded Location App.app */,
			);
			name = Products;
			sourceTree = "<group>";
		};
		8AE8B39623FB2F8E004215BA /* Expanded Location App */ = {
			isa = PBXGroup;
			children = (
				8AE8B39723FB2F8E004215BA /* AppDelegate.swift */,
				8AE8B39923FB2F8E004215BA /* SceneDelegate.swift */,
				8AE8B39B23FB2F8E004215BA /* ViewController.swift */,
				8AE8B39D23FB2F8E004215BA /* Main.storyboard */,
				8AE8B3A023FB2F91004215BA /* Assets.xcassets */,
				8AE8B3A223FB2F91004215BA /* LaunchScreen.storyboard */,
				8AE8B3A523FB2F91004215BA /* Info.plist */,
			);
			path = "Expanded Location App";
			sourceTree = "<group>";
		};
		8AE8B3AB23FB36B7004215BA /* Frameworks */ = {
			isa = PBXGroup;
			children = (
				8AE8B3AC23FB36B7004215BA /* MapKit.framework */,
			);
			name = Frameworks;
			sourceTree = "<group>";
		};
/* End PBXGroup section */

/* Begin PBXNativeTarget section */
		8AE8B39323FB2F8E004215BA /* Expanded Location App */ = {
			isa = PBXNativeTarget;
			buildConfigurationList = 8AE8B3A823FB2F91004215BA /* Build configuration list for PBXNativeTarget "Expanded Location App" */;
			buildPhases = (
				8AE8B39023FB2F8E004215BA /* Sources */,
				8AE8B39123FB2F8E004215BA /* Frameworks */,
				8AE8B39223FB2F8E004215BA /* Resources */,
			);
			buildRules = (
			);
			dependencies = (
			);
			name = "Expanded Location App";
			productName = "Expanded Location App";
			productReference = 8AE8B39423FB2F8E004215BA /* Expanded Location App.app */;
			productType = "com.apple.product-type.application";
		};
/* End PBXNativeTarget section */

/* Begin PBXProject section */
		8AE8B38C23FB2F8E004215BA /* Project object */ = {
			isa = PBXProject;
			attributes = {
				LastSwiftUpdateCheck = 1130;
				LastUpgradeCheck = 1130;
				ORGANIZATIONNAME = "Taulant Xhakli";
				TargetAttributes = {
					8AE8B39323FB2F8E004215BA = {
						CreatedOnToolsVersion = 11.3.1;
					};
				};
			};
			buildConfigurationList = 8AE8B38F23FB2F8E004215BA /* Build configuration list for PBXProject "Expanded Location App" */;
			compatibilityVersion = "Xcode 9.3";
			developmentRegion = en;
			hasScannedForEncodings = 0;
			knownRegions = (
				en,
				Base,
			);
			mainGroup = 8AE8B38B23FB2F8E004215BA;
			productRefGroup = 8AE8B39523FB2F8E004215BA /* Products */;
			projectDirPath = "";
			projectRoot = "";
			targets = (
				8AE8B39323FB2F8E004215BA /* Expanded Location App */,
			);
		};
/* End PBXProject section */

/* Begin PBXResourcesBuildPhase section */
		8AE8B39223FB2F8E004215BA /* Resources */ = {
			isa = PBXResourcesBuildPhase;
			buildActionMask = 2147483647;
			files = (
				8AE8B3A423FB2F91004215BA /* LaunchScreen.storyboard in Resources */,
				8AE8B3A123FB2F91004215BA /* Assets.xcassets in Resources */,
				8AE8B39F23FB2F8E004215BA /* Main.storyboard in Resources */,
			);
			runOnlyForDeploymentPostprocessing = 0;
		};
/* End PBXResourcesBuildPhase section */

/* Begin PBXSourcesBuildPhase section */
		8AE8B39023FB2F8E004215BA /* Sources */ = {
			isa = PBXSourcesBuildPhase;
			buildActionMask = 2147483647;
			files = (
				8AE8B39C23FB2F8E004215BA /* ViewController.swift in Sources */,
				8AE8B39823FB2F8E004215BA /* AppDelegate.swift in Sources */,
				8AE8B39A23FB2F8E004215BA /* SceneDelegate.swift in Sources */,
			);
			runOnlyForDeploymentPostprocessing = 0;
		};
/* End PBXSourcesBuildPhase section */

/* Begin PBXVariantGroup section */
		8AE8B39D23FB2F8E004215BA /* Main.storyboard */ = {
			isa = PBXVariantGroup;
			children = (
				8AE8B39E23FB2F8E004215BA /* Base */,
			);
			name = Main.storyboard;
			sourceTree = "<group>";
		};
		8AE8B3A223FB2F91004215BA /* LaunchScreen.storyboard */ = {
			isa = PBXVariantGroup;
			children = (
				8AE8B3A323FB2F91004215BA /* Base */,
			);
			name = LaunchScreen.storyboard;
			sourceTree = "<group>";
		};
/* End PBXVariantGroup section */

/* Begin XCBuildConfiguration section */
		8AE8B3A623FB2F91004215BA /* Debug */ = {
			isa = XCBuildConfiguration;
			buildSettings = {
				ALWAYS_SEARCH_USER_PATHS = NO;
				CLANG_ANALYZER_NONNULL = YES;
				CLANG_ANALYZER_NUMBER_OBJECT_CONVERSION = YES_AGGRESSIVE;
				CLANG_CXX_LANGUAGE_STANDARD = "gnu++14";
				CLANG_CXX_LIBRARY = "libc++";
				CLANG_ENABLE_MODULES = YES;
				CLANG_ENABLE_OBJC_ARC = YES;
				CLANG_ENABLE_OBJC_WEAK = YES;
				CLANG_WARN_BLOCK_CAPTURE_AUTORELEASING = YES;
				CLANG_WARN_BOOL_CONVERSION = YES;
				CLANG_WARN_COMMA = YES;
				CLANG_WARN_CONSTANT_CONVERSION = YES;
				CLANG_WARN_DEPRECATED_OBJC_IMPLEMENTATIONS = YES;
				CLANG_WARN_DIRECT_OBJC_ISA_USAGE = YES_ERROR;
				CLANG_WARN_DOCUMENTATION_COMMENTS = YES;
				CLANG_WARN_EMPTY_BODY = YES;
				CLANG_WARN_ENUM_CONVERSION = YES;
				CLANG_WARN_INFINITE_RECURSION = YES;
				CLANG_WARN_INT_CONVERSION = YES;
				CLANG_WARN_NON_LITERAL_NULL_CONVERSION = YES;
				CLANG_WARN_OBJC_IMPLICIT_RETAIN_SELF = YES;
				CLANG_WARN_OBJC_LITERAL_CONVERSION = YES;
				CLANG_WARN_OBJC_ROOT_CLASS = YES_ERROR;
				CLANG_WARN_RANGE_LOOP_ANALYSIS = YES;
				CLANG_WARN_STRICT_PROTOTYPES = YES;
				CLANG_WARN_SUSPICIOUS_MOVE = YES;
				CLANG_WARN_UNGUARDED_AVAILABILITY = YES_AGGRESSIVE;
				CLANG_WARN_UNREACHABLE_CODE = YES;
				CLANG_WARN__DUPLICATE_METHOD_MATCH = YES;
				COPY_PHASE_STRIP = NO;
				DEBUG_INFORMATION_FORMAT = dwarf;
				ENABLE_STRICT_OBJC_MSGSEND = YES;
				ENABLE_TESTABILITY = YES;
				GCC_C_LANGUAGE_STANDARD = gnu11;
				GCC_DYNAMIC_NO_PIC = NO;
				GCC_NO_COMMON_BLOCKS = YES;
				GCC_OPTIMIZATION_LEVEL = 0;
				GCC_PREPROCESSOR_DEFINITIONS = (
					"DEBUG=1",
					"$(inherited)",
				);
				GCC_WARN_64_TO_32_BIT_CONVERSION = YES;
				GCC_WARN_ABOUT_RETURN_TYPE = YES_ERROR;
				GCC_WARN_UNDECLARED_SELECTOR = YES;
				GCC_WARN_UNINITIALIZED_AUTOS = YES_AGGRESSIVE;
				GCC_WARN_UNUSED_FUNCTION = YES;
				GCC_WARN_UNUSED_VARIABLE = YES;
				IPHONEOS_DEPLOYMENT_TARGET = 13.2;
				MTL_ENABLE_DEBUG_INFO = INCLUDE_SOURCE;
				MTL_FAST_MATH = YES;
				ONLY_ACTIVE_ARCH = YES;
				SDKROOT = iphoneos;
				SWIFT_ACTIVE_COMPILATION_CONDITIONS = DEBUG;
				SWIFT_OPTIMIZATION_LEVEL = "-Onone";
			};
			name = Debug;
		};
		8AE8B3A723FB2F91004215BA /* Release */ = {
			isa = XCBuildConfiguration;
			buildSettings = {
				ALWAYS_SEARCH_USER_PATHS = NO;
				CLANG_ANALYZER_NONNULL = YES;
				CLANG_ANALYZER_NUMBER_OBJECT_CONVERSION = YES_AGGRESSIVE;
				CLANG_CXX_LANGUAGE_STANDARD = "gnu++14";
				CLANG_CXX_LIBRARY = "libc++";
				CLANG_ENABLE_MODULES = YES;
				CLANG_ENABLE_OBJC_ARC = YES;
				CLANG_ENABLE_OBJC_WEAK = YES;
				CLANG_WARN_BLOCK_CAPTURE_AUTORELEASING = YES;
				CLANG_WARN_BOOL_CONVERSION = YES;
				CLANG_WARN_COMMA = YES;
				CLANG_WARN_CONSTANT_CONVERSION = YES;
				CLANG_WARN_DEPRECATED_OBJC_IMPLEMENTATIONS = YES;
				CLANG_WARN_DIRECT_OBJC_ISA_USAGE = YES_ERROR;
				CLANG_WARN_DOCUMENTATION_COMMENTS = YES;
				CLANG_WARN_EMPTY_BODY = YES;
				CLANG_WARN_ENUM_CONVERSION = YES;
				CLANG_WARN_INFINITE_RECURSION = YES;
				CLANG_WARN_INT_CONVERSION = YES;
				CLANG_WARN_NON_LITERAL_NULL_CONVERSION = YES;
				CLANG_WARN_OBJC_IMPLICIT_RETAIN_SELF = YES;
				CLANG_WARN_OBJC_LITERAL_CONVERSION = YES;
				CLANG_WARN_OBJC_ROOT_CLASS = YES_ERROR;
				CLANG_WARN_RANGE_LOOP_ANALYSIS = YES;
				CLANG_WARN_STRICT_PROTOTYPES = YES;
				CLANG_WARN_SUSPICIOUS_MOVE = YES;
				CLANG_WARN_UNGUARDED_AVAILABILITY = YES_AGGRESSIVE;
				CLANG_WARN_UNREACHABLE_CODE = YES;
				CLANG_WARN__DUPLICATE_METHOD_MATCH = YES;
				COPY_PHASE_STRIP = NO;
				DEBUG_INFORMATION_FORMAT = "dwarf-with-dsym";
				ENABLE_NS_ASSERTIONS = NO;
				ENABLE_STRICT_OBJC_MSGSEND = YES;
				GCC_C_LANGUAGE_STANDARD = gnu11;
				GCC_NO_COMMON_BLOCKS = YES;
				GCC_WARN_64_TO_32_BIT_CONVERSION = YES;
				GCC_WARN_ABOUT_RETURN_TYPE = YES_ERROR;
				GCC_WARN_UNDECLARED_SELECTOR = YES;
				GCC_WARN_UNINITIALIZED_AUTOS = YES_AGGRESSIVE;
				GCC_WARN_UNUSED_FUNCTION = YES;
				GCC_WARN_UNUSED_VARIABLE = YES;
				IPHONEOS_DEPLOYMENT_TARGET = 13.2;
				MTL_ENABLE_DEBUG_INFO = NO;
				MTL_FAST_MATH = YES;
				SDKROOT = iphoneos;
				SWIFT_COMPILATION_MODE = wholemodule;
				SWIFT_OPTIMIZATION_LEVEL = "-O";
				VALIDATE_PRODUCT = YES;
			};
			name = Release;
		};
		8AE8B3A923FB2F91004215BA /* Debug */ = {
			isa = XCBuildConfiguration;
			buildSettings = {
				ASSETCATALOG_COMPILER_APPICON_NAME = AppIcon;
				CODE_SIGN_STYLE = Automatic;
				DEVELOPMENT_TEAM = Z24AWZR7J5;
				INFOPLIST_FILE = "Expanded Location App/Info.plist";
				LD_RUNPATH_SEARCH_PATHS = (
					"$(inherited)",
					"@executable_path/Frameworks",
				);
				PRODUCT_BUNDLE_IDENTIFIER = "Taulant-Xhakli.Expanded-Location-App";
				PRODUCT_NAME = "$(TARGET_NAME)";
				SWIFT_VERSION = 5.0;
				TARGETED_DEVICE_FAMILY = "1,2";
			};
			name = Debug;
		};
		8AE8B3AA23FB2F91004215BA /* Release */ = {
			isa = XCBuildConfiguration;
			buildSettings = {
				ASSETCATALOG_COMPILER_APPICON_NAME = AppIcon;
				CODE_SIGN_STYLE = Automatic;
				DEVELOPMENT_TEAM = Z24AWZR7J5;
				INFOPLIST_FILE = "Expanded Location App/Info.plist";
				LD_RUNPATH_SEARCH_PATHS = (
					"$(inherited)",
					"@executable_path/Frameworks",
				);
				PRODUCT_BUNDLE_IDENTIFIER = "Taulant-Xhakli.Expanded-Location-App";
				PRODUCT_NAME = "$(TARGET_NAME)";
				SWIFT_VERSION = 5.0;
				TARGETED_DEVICE_FAMILY = "1,2";
			};
			name = Release;
		};
/* End XCBuildConfiguration section */

/* Begin XCConfigurationList section */
		8AE8B38F23FB2F8E004215BA /* Build configuration list for PBXProject "Expanded Location App" */ = {
			isa = XCConfigurationList;
			buildConfigurations = (
				8AE8B3A623FB2F91004215BA /* Debug */,
				8AE8B3A723FB2F91004215BA /* Release */,
			);
			defaultConfigurationIsVisible = 0;
			defaultConfigurationName = Release;
		};
		8AE8B3A823FB2F91004215BA /* Build configuration list for PBXNativeTarget "Expanded Location App" */ = {
			isa = XCConfigurationList;
			buildConfigurations = (
				8AE8B3A923FB2F91004215BA /* Debug */,
				8AE8B3AA23FB2F91004215BA /* Release */,
			);
			defaultConfigurationIsVisible = 0;
			defaultConfigurationName = Release;
		};
/* End XCConfigurationList section */
	};
	rootObject = 8AE8B38C23FB2F8E004215BA /* Project object */;
}
